
Microsoft Visual Studio Solution File, Format Version 11.00
# Visual Studio 2010
Project("{A0786B88-2ADB-4C21-ABE8-AA2D79766269}") = "FlexibleOrderingSystem", "FlexibleOrderingSystem.phpproj", "{0A5FF15E-45D4-4668-ABCD-FD1CD46092FC}"
EndProject
Global
	GlobalSection(SolutionConfigurationPlatforms) = preSolution
		Debug|Any CPU = Debug|Any CPU
		Release|Any CPU = Release|Any CPU
	EndGlobalSection
	GlobalSection(ProjectConfigurationPlatforms) = postSolution
		{0A5FF15E-45D4-4668-ABCD-FD1CD46092FC}.Debug|Any CPU.ActiveCfg = Debug|Any CPU
		{0A5FF15E-45D4-4668-ABCD-FD1CD46092FC}.Debug|Any CPU.Build.0 = Debug|Any CPU
		{0A5FF15E-45D4-4668-ABCD-FD1CD46092FC}.Release|Any CPU.ActiveCfg = Release|Any CPU
		{0A5FF15E-45D4-4668-ABCD-FD1CD46092FC}.Release|Any CPU.Build.0 = Release|Any CPU
	EndGlobalSection
	GlobalSection(SolutionProperties) = preSolution
		HideSolutionNode = FALSE
	EndGlobalSection
EndGlobal
